
Microsoft Visual Studio Solution File, Format Version 12.00
# Visual Studio Version 17
VisualStudioVersion = 17.8.34322.80
MinimumVisualStudioVersion = 10.0.40219.1
Project("{9A19103F-16F7-4668-BE54-9A1E7A4F7556}") = "AdventOfCode2023", "AdventOfCode2023\AdventOfCode2023.csproj", "{4D538902-7470-4660-821A-E21CC85FDB92}"
EndProject
Project("{9A19103F-16F7-4668-BE54-9A1E7A4F7556}") = "Day1", "Day1\Day1.csproj", "{AC97294F-D5E3-46EC-AAC1-C4D4EA6B9D1F}"
EndProject
Project("{9A19103F-16F7-4668-BE54-9A1E7A4F7556}") = "Day2", "Day2\Day2.csproj", "{B2B72604-6591-4FB5-BEEB-56EED1C805DD}"
EndProject
Project("{9A19103F-16F7-4668-BE54-9A1E7A4F7556}") = "Day3", "Day3\Day3.csproj", "{29F3A321-FA1A-430C-94F8-B3ADD893180D}"
EndProject
Project("{FAE04EC0-301F-11D3-BF4B-00C04F79EFBC}") = "Day4", "Day4\Day4.csproj", "{6507617B-DE68-4A18-9D0E-CE852FEA0987}"
EndProject
Global
	GlobalSection(SolutionConfigurationPlatforms) = preSolution
		Debug|Any CPU = Debug|Any CPU
		Release|Any CPU = Release|Any CPU
	EndGlobalSection
	GlobalSection(ProjectConfigurationPlatforms) = postSolution
		{4D538902-7470-4660-821A-E21CC85FDB92}.Debug|Any CPU.ActiveCfg = Debug|Any CPU
		{4D538902-7470-4660-821A-E21CC85FDB92}.Debug|Any CPU.Build.0 = Debug|Any CPU
		{4D538902-7470-4660-821A-E21CC85FDB92}.Release|Any CPU.ActiveCfg = Release|Any CPU
		{4D538902-7470-4660-821A-E21CC85FDB92}.Release|Any CPU.Build.0 = Release|Any CPU
		{AC97294F-D5E3-46EC-AAC1-C4D4EA6B9D1F}.Debug|Any CPU.ActiveCfg = Debug|Any CPU
		{AC97294F-D5E3-46EC-AAC1-C4D4EA6B9D1F}.Debug|Any CPU.Build.0 = Debug|Any CPU
		{AC97294F-D5E3-46EC-AAC1-C4D4EA6B9D1F}.Release|Any CPU.ActiveCfg = Release|Any CPU
		{AC97294F-D5E3-46EC-AAC1-C4D4EA6B9D1F}.Release|Any CPU.Build.0 = Release|Any CPU
		{B2B72604-6591-4FB5-BEEB-56EED1C805DD}.Debug|Any CPU.ActiveCfg = Debug|Any CPU
		{B2B72604-6591-4FB5-BEEB-56EED1C805DD}.Debug|Any CPU.Build.0 = Debug|Any CPU
		{B2B72604-6591-4FB5-BEEB-56EED1C805DD}.Release|Any CPU.ActiveCfg = Release|Any CPU
		{B2B72604-6591-4FB5-BEEB-56EED1C805DD}.Release|Any CPU.Build.0 = Release|Any CPU
		{29F3A321-FA1A-430C-94F8-B3ADD893180D}.Debug|Any CPU.ActiveCfg = Debug|Any CPU
		{29F3A321-FA1A-430C-94F8-B3ADD893180D}.Debug|Any CPU.Build.0 = Debug|Any CPU
		{29F3A321-FA1A-430C-94F8-B3ADD893180D}.Release|Any CPU.ActiveCfg = Release|Any CPU
		{29F3A321-FA1A-430C-94F8-B3ADD893180D}.Release|Any CPU.Build.0 = Release|Any CPU
		{6507617B-DE68-4A18-9D0E-CE852FEA0987}.Debug|Any CPU.ActiveCfg = Debug|Any CPU
		{6507617B-DE68-4A18-9D0E-CE852FEA0987}.Debug|Any CPU.Build.0 = Debug|Any CPU
		{6507617B-DE68-4A18-9D0E-CE852FEA0987}.Release|Any CPU.ActiveCfg = Release|Any CPU
		{6507617B-DE68-4A18-9D0E-CE852FEA0987}.Release|Any CPU.Build.0 = Release|Any CPU
	EndGlobalSection
	GlobalSection(SolutionProperties) = preSolution
		HideSolutionNode = FALSE
	EndGlobalSection
	GlobalSection(ExtensibilityGlobals) = postSolution
		SolutionGuid = {84EC658B-10A8-4AF9-A920-A99CEC188F96}
	EndGlobalSection
EndGlobal
